// !$*UTF8*$!
{
	archiveVersion = 1;
	classes = {
	};
	objectVersion = 46;
	objects = {

/* Begin PBXBuildFile section */
		550A549A1A92993400726B94 /* main.m in Sources */ = {isa = PBXBuildFile; fileRef = 550A54991A92993400726B94 /* main.m */; };
		550A549D1A92993400726B94 /* AppDelegate.m in Sources */ = {isa = PBXBuildFile; fileRef = 550A549C1A92993400726B94 /* AppDelegate.m */; };
		550A54A01A92993400726B94 /* stackOverflowFellows.xcdatamodeld in Sources */ = {isa = PBXBuildFile; fileRef = 550A549E1A92993400726B94 /* stackOverflowFellows.xcdatamodeld */; };
		550A54A61A92993400726B94 /* Main.storyboard in Resources */ = {isa = PBXBuildFile; fileRef = 550A54A41A92993400726B94 /* Main.storyboard */; };
		550A54A81A92993400726B94 /* Images.xcassets in Resources */ = {isa = PBXBuildFile; fileRef = 550A54A71A92993400726B94 /* Images.xcassets */; };
		550A54AB1A92993400726B94 /* LaunchScreen.xib in Resources */ = {isa = PBXBuildFile; fileRef = 550A54A91A92993400726B94 /* LaunchScreen.xib */; };
		550A54B71A92993400726B94 /* stackOverflowFellowsTests.m in Sources */ = {isa = PBXBuildFile; fileRef = 550A54B61A92993400726B94 /* stackOverflowFellowsTests.m */; };
		550A54C21A92ACAA00726B94 /* MenuTableViewController.m in Sources */ = {isa = PBXBuildFile; fileRef = 550A54C11A92ACAA00726B94 /* MenuTableViewController.m */; };
		550A54C51A92AD9700726B94 /* HamburgerViewController.m in Sources */ = {isa = PBXBuildFile; fileRef = 550A54C41A92AD9700726B94 /* HamburgerViewController.m */; };
		550A54C81A92BB6100726B94 /* SearchViewController.m in Sources */ = {isa = PBXBuildFile; fileRef = 550A54C71A92BB6100726B94 /* SearchViewController.m */; };
		550A54CB1A92E30400726B94 /* WebOAuthViewController.m in Sources */ = {isa = PBXBuildFile; fileRef = 550A54CA1A92E30400726B94 /* WebOAuthViewController.m */; };
		550A54D11A93FBBA00726B94 /* StackOverflowService.m in Sources */ = {isa = PBXBuildFile; fileRef = 550A54D01A93FBBA00726B94 /* StackOverflowService.m */; };
		550A54D41A940E2500726B94 /* Question.m in Sources */ = {isa = PBXBuildFile; fileRef = 550A54D31A940E2500726B94 /* Question.m */; };
		C4D2DD951AAC10510032FB33 /* QuestionTableViewCell.m in Sources */ = {isa = PBXBuildFile; fileRef = C4D2DD941AAC10510032FB33 /* QuestionTableViewCell.m */; };
/* End PBXBuildFile section */

/* Begin PBXContainerItemProxy section */
		550A54B11A92993400726B94 /* PBXContainerItemProxy */ = {
			isa = PBXContainerItemProxy;
			containerPortal = 550A548C1A92993400726B94 /* Project object */;
			proxyType = 1;
			remoteGlobalIDString = 550A54931A92993400726B94;
			remoteInfo = stackOverflowFellows;
		};
/* End PBXContainerItemProxy section */

/* Begin PBXFileReference section */
		550A54941A92993400726B94 /* stackOverflowFellows.app */ = {isa = PBXFileReference; explicitFileType = wrapper.application; includeInIndex = 0; path = stackOverflowFellows.app; sourceTree = BUILT_PRODUCTS_DIR; };
		550A54981A92993400726B94 /* Info.plist */ = {isa = PBXFileReference; lastKnownFileType = text.plist.xml; path = Info.plist; sourceTree = "<group>"; };
		550A54991A92993400726B94 /* main.m */ = {isa = PBXFileReference; lastKnownFileType = sourcecode.c.objc; path = main.m; sourceTree = "<group>"; };
		550A549B1A92993400726B94 /* AppDelegate.h */ = {isa = PBXFileReference; lastKnownFileType = sourcecode.c.h; path = AppDelegate.h; sourceTree = "<group>"; };
		550A549C1A92993400726B94 /* AppDelegate.m */ = {isa = PBXFileReference; lastKnownFileType = sourcecode.c.objc; path = AppDelegate.m; sourceTree = "<group>"; };
		550A549F1A92993400726B94 /* stackOverflowFellows.xcdatamodel */ = {isa = PBXFileReference; lastKnownFileType = wrapper.xcdatamodel; path = stackOverflowFellows.xcdatamodel; sourceTree = "<group>"; };
		550A54A51A92993400726B94 /* Base */ = {isa = PBXFileReference; lastKnownFileType = file.storyboard; name = Base; path = Base.lproj/Main.storyboard; sourceTree = "<group>"; };
		550A54A71A92993400726B94 /* Images.xcassets */ = {isa = PBXFileReference; lastKnownFileType = folder.assetcatalog; path = Images.xcassets; sourceTree = "<group>"; };
		550A54AA1A92993400726B94 /* Base */ = {isa = PBXFileReference; lastKnownFileType = file.xib; name = Base; path = Base.lproj/LaunchScreen.xib; sourceTree = "<group>"; };
		550A54B01A92993400726B94 /* stackOverflowFellowsTests.xctest */ = {isa = PBXFileReference; explicitFileType = wrapper.cfbundle; includeInIndex = 0; path = stackOverflowFellowsTests.xctest; sourceTree = BUILT_PRODUCTS_DIR; };
		550A54B51A92993400726B94 /* Info.plist */ = {isa = PBXFileReference; lastKnownFileType = text.plist.xml; path = Info.plist; sourceTree = "<group>"; };
		550A54B61A92993400726B94 /* stackOverflowFellowsTests.m */ = {isa = PBXFileReference; lastKnownFileType = sourcecode.c.objc; path = stackOverflowFellowsTests.m; sourceTree = "<group>"; };
		550A54C01A92ACAA00726B94 /* MenuTableViewController.h */ = {isa = PBXFileReference; fileEncoding = 4; lastKnownFileType = sourcecode.c.h; path = MenuTableViewController.h; sourceTree = "<group>"; };
		550A54C11A92ACAA00726B94 /* MenuTableViewController.m */ = {isa = PBXFileReference; fileEncoding = 4; lastKnownFileType = sourcecode.c.objc; path = MenuTableViewController.m; sourceTree = "<group>"; };
		550A54C31A92AD9700726B94 /* HamburgerViewController.h */ = {isa = PBXFileReference; fileEncoding = 4; lastKnownFileType = sourcecode.c.h; path = HamburgerViewController.h; sourceTree = "<group>"; };
		550A54C41A92AD9700726B94 /* HamburgerViewController.m */ = {isa = PBXFileReference; fileEncoding = 4; lastKnownFileType = sourcecode.c.objc; path = HamburgerViewController.m; sourceTree = "<group>"; };
		550A54C61A92BB6100726B94 /* SearchViewController.h */ = {isa = PBXFileReference; fileEncoding = 4; lastKnownFileType = sourcecode.c.h; path = SearchViewController.h; sourceTree = "<group>"; };
		550A54C71A92BB6100726B94 /* SearchViewController.m */ = {isa = PBXFileReference; fileEncoding = 4; lastKnownFileType = sourcecode.c.objc; path = SearchViewController.m; sourceTree = "<group>"; };
		550A54C91A92E30400726B94 /* WebOAuthViewController.h */ = {isa = PBXFileReference; fileEncoding = 4; lastKnownFileType = sourcecode.c.h; path = WebOAuthViewController.h; sourceTree = "<group>"; };
		550A54CA1A92E30400726B94 /* WebOAuthViewController.m */ = {isa = PBXFileReference; fileEncoding = 4; lastKnownFileType = sourcecode.c.objc; path = WebOAuthViewController.m; sourceTree = "<group>"; };
		550A54CC1A93F29A00726B94 /* StackoverflowSearchBarDelagate.h */ = {isa = PBXFileReference; fileEncoding = 4; lastKnownFileType = sourcecode.c.h; path = StackoverflowSearchBarDelagate.h; sourceTree = "<group>"; };
		550A54CF1A93FBBA00726B94 /* StackOverflowService.h */ = {isa = PBXFileReference; fileEncoding = 4; lastKnownFileType = sourcecode.c.h; path = StackOverflowService.h; sourceTree = "<group>"; };
		550A54D01A93FBBA00726B94 /* StackOverflowService.m */ = {isa = PBXFileReference; fileEncoding = 4; lastKnownFileType = sourcecode.c.objc; path = StackOverflowService.m; sourceTree = "<group>"; };
		550A54D21A940E2500726B94 /* Question.h */ = {isa = PBXFileReference; fileEncoding = 4; lastKnownFileType = sourcecode.c.h; path = Question.h; sourceTree = "<group>"; };
		550A54D31A940E2500726B94 /* Question.m */ = {isa = PBXFileReference; fileEncoding = 4; lastKnownFileType = sourcecode.c.objc; path = Question.m; sourceTree = "<group>"; };
		C4D2DD931AAC10510032FB33 /* QuestionTableViewCell.h */ = {isa = PBXFileReference; fileEncoding = 4; lastKnownFileType = sourcecode.c.h; path = QuestionTableViewCell.h; sourceTree = "<group>"; };
		C4D2DD941AAC10510032FB33 /* QuestionTableViewCell.m */ = {isa = PBXFileReference; fileEncoding = 4; lastKnownFileType = sourcecode.c.objc; path = QuestionTableViewCell.m; sourceTree = "<group>"; };
/* End PBXFileReference section */

/* Begin PBXFrameworksBuildPhase section */
		550A54911A92993400726B94 /* Frameworks */ = {
			isa = PBXFrameworksBuildPhase;
			buildActionMask = 2147483647;
			files = (
			);
			runOnlyForDeploymentPostprocessing = 0;
		};
		550A54AD1A92993400726B94 /* Frameworks */ = {
			isa = PBXFrameworksBuildPhase;
			buildActionMask = 2147483647;
			files = (
			);
			runOnlyForDeploymentPostprocessing = 0;
		};
/* End PBXFrameworksBuildPhase section */

/* Begin PBXGroup section */
		550A548B1A92993400726B94 = {
			isa = PBXGroup;
			children = (
				550A54961A92993400726B94 /* stackOverflowFellows */,
				550A54B31A92993400726B94 /* stackOverflowFellowsTests */,
				550A54951A92993400726B94 /* Products */,
			);
			sourceTree = "<group>";
		};
		550A54951A92993400726B94 /* Products */ = {
			isa = PBXGroup;
			children = (
				550A54941A92993400726B94 /* stackOverflowFellows.app */,
				550A54B01A92993400726B94 /* stackOverflowFellowsTests.xctest */,
			);
			name = Products;
			sourceTree = "<group>";
		};
		550A54961A92993400726B94 /* stackOverflowFellows */ = {
			isa = PBXGroup;
			children = (
				550A549B1A92993400726B94 /* AppDelegate.h */,
				550A549C1A92993400726B94 /* AppDelegate.m */,
				550A54A41A92993400726B94 /* Main.storyboard */,
				550A54CF1A93FBBA00726B94 /* StackOverflowService.h */,
				550A54D01A93FBBA00726B94 /* StackOverflowService.m */,
				550A54D21A940E2500726B94 /* Question.h */,
				550A54D31A940E2500726B94 /* Question.m */,
				550A54C61A92BB6100726B94 /* SearchViewController.h */,
				550A54C71A92BB6100726B94 /* SearchViewController.m */,
				C4D2DD931AAC10510032FB33 /* QuestionTableViewCell.h */,
				C4D2DD941AAC10510032FB33 /* QuestionTableViewCell.m */,
				550A54CC1A93F29A00726B94 /* StackoverflowSearchBarDelagate.h */,
				550A54C01A92ACAA00726B94 /* MenuTableViewController.h */,
				550A54C11A92ACAA00726B94 /* MenuTableViewController.m */,
				550A54C31A92AD9700726B94 /* HamburgerViewController.h */,
				550A54C41A92AD9700726B94 /* HamburgerViewController.m */,
				550A54C91A92E30400726B94 /* WebOAuthViewController.h */,
				550A54CA1A92E30400726B94 /* WebOAuthViewController.m */,
				550A54A71A92993400726B94 /* Images.xcassets */,
				550A54A91A92993400726B94 /* LaunchScreen.xib */,
				550A549E1A92993400726B94 /* stackOverflowFellows.xcdatamodeld */,
				550A54971A92993400726B94 /* Supporting Files */,
			);
			path = stackOverflowFellows;
			sourceTree = "<group>";
		};
		550A54971A92993400726B94 /* Supporting Files */ = {
			isa = PBXGroup;
			children = (
				550A54981A92993400726B94 /* Info.plist */,
				550A54991A92993400726B94 /* main.m */,
			);
			name = "Supporting Files";
			sourceTree = "<group>";
		};
		550A54B31A92993400726B94 /* stackOverflowFellowsTests */ = {
			isa = PBXGroup;
			children = (
				550A54B61A92993400726B94 /* stackOverflowFellowsTests.m */,
				550A54B41A92993400726B94 /* Supporting Files */,
			);
			path = stackOverflowFellowsTests;
			sourceTree = "<group>";
		};
		550A54B41A92993400726B94 /* Supporting Files */ = {
			isa = PBXGroup;
			children = (
				550A54B51A92993400726B94 /* Info.plist */,
			);
			name = "Supporting Files";
			sourceTree = "<group>";
		};
/* End PBXGroup section */

/* Begin PBXNativeTarget section */
		550A54931A92993400726B94 /* stackOverflowFellows */ = {
			isa = PBXNativeTarget;
			buildConfigurationList = 550A54BA1A92993400726B94 /* Build configuration list for PBXNativeTarget "stackOverflowFellows" */;
			buildPhases = (
				550A54901A92993400726B94 /* Sources */,
				550A54911A92993400726B94 /* Frameworks */,
				550A54921A92993400726B94 /* Resources */,
			);
			buildRules = (
			);
			dependencies = (
			);
			name = stackOverflowFellows;
			productName = stackOverflowFellows;
			productReference = 550A54941A92993400726B94 /* stackOverflowFellows.app */;
			productType = "com.apple.product-type.application";
		};
		550A54AF1A92993400726B94 /* stackOverflowFellowsTests */ = {
			isa = PBXNativeTarget;
			buildConfigurationList = 550A54BD1A92993400726B94 /* Build configuration list for PBXNativeTarget "stackOverflowFellowsTests" */;
			buildPhases = (
				550A54AC1A92993400726B94 /* Sources */,
				550A54AD1A92993400726B94 /* Frameworks */,
				550A54AE1A92993400726B94 /* Resources */,
			);
			buildRules = (
			);
			dependencies = (
				550A54B21A92993400726B94 /* PBXTargetDependency */,
			);
			name = stackOverflowFellowsTests;
			productName = stackOverflowFellowsTests;
			productReference = 550A54B01A92993400726B94 /* stackOverflowFellowsTests.xctest */;
			productType = "com.apple.product-type.bundle.unit-test";
		};
/* End PBXNativeTarget section */

/* Begin PBXProject section */
		550A548C1A92993400726B94 /* Project object */ = {
			isa = PBXProject;
			attributes = {
				LastUpgradeCheck = 0610;
				ORGANIZATIONNAME = nacnud;
				TargetAttributes = {
					550A54931A92993400726B94 = {
						CreatedOnToolsVersion = 6.1.1;
					};
					550A54AF1A92993400726B94 = {
						CreatedOnToolsVersion = 6.1.1;
						TestTargetID = 550A54931A92993400726B94;
					};
				};
			};
			buildConfigurationList = 550A548F1A92993400726B94 /* Build configuration list for PBXProject "stackOverflowFellows" */;
			compatibilityVersion = "Xcode 3.2";
			developmentRegion = English;
			hasScannedForEncodings = 0;
			knownRegions = (
				en,
				Base,
			);
			mainGroup = 550A548B1A92993400726B94;
			productRefGroup = 550A54951A92993400726B94 /* Products */;
			projectDirPath = "";
			projectRoot = "";
			targets = (
				550A54931A92993400726B94 /* stackOverflowFellows */,
				550A54AF1A92993400726B94 /* stackOverflowFellowsTests */,
			);
		};
/* End PBXProject section */

/* Begin PBXResourcesBuildPhase section */
		550A54921A92993400726B94 /* Resources */ = {
			isa = PBXResourcesBuildPhase;
			buildActionMask = 2147483647;
			files = (
				550A54A61A92993400726B94 /* Main.storyboard in Resources */,
				550A54AB1A92993400726B94 /* LaunchScreen.xib in Resources */,
				550A54A81A92993400726B94 /* Images.xcassets in Resources */,
			);
			runOnlyForDeploymentPostprocessing = 0;
		};
		550A54AE1A92993400726B94 /* Resources */ = {
			isa = PBXResourcesBuildPhase;
			buildActionMask = 2147483647;
			files = (
			);
			runOnlyForDeploymentPostprocessing = 0;
		};
/* End PBXResourcesBuildPhase section */

/* Begin PBXSourcesBuildPhase section */
		550A54901A92993400726B94 /* Sources */ = {
			isa = PBXSourcesBuildPhase;
			buildActionMask = 2147483647;
			files = (
				550A54CB1A92E30400726B94 /* WebOAuthViewController.m in Sources */,
				C4D2DD951AAC10510032FB33 /* QuestionTableViewCell.m in Sources */,
				550A54C21A92ACAA00726B94 /* MenuTableViewController.m in Sources */,
				550A549D1A92993400726B94 /* AppDelegate.m in Sources */,
				550A54A01A92993400726B94 /* stackOverflowFellows.xcdatamodeld in Sources */,
				550A54D11A93FBBA00726B94 /* StackOverflowService.m in Sources */,
				550A549A1A92993400726B94 /* main.m in Sources */,
				550A54D41A940E2500726B94 /* Question.m in Sources */,
				550A54C81A92BB6100726B94 /* SearchViewController.m in Sources */,
				550A54C51A92AD9700726B94 /* HamburgerViewController.m in Sources */,
			);
			runOnlyForDeploymentPostprocessing = 0;
		};
		550A54AC1A92993400726B94 /* Sources */ = {
			isa = PBXSourcesBuildPhase;
			buildActionMask = 2147483647;
			files = (
				550A54B71A92993400726B94 /* stackOverflowFellowsTests.m in Sources */,
			);
			runOnlyForDeploymentPostprocessing = 0;
		};
/* End PBXSourcesBuildPhase section */

/* Begin PBXTargetDependency section */
		550A54B21A92993400726B94 /* PBXTargetDependency */ = {
			isa = PBXTargetDependency;
			target = 550A54931A92993400726B94 /* stackOverflowFellows */;
			targetProxy = 550A54B11A92993400726B94 /* PBXContainerItemProxy */;
		};
/* End PBXTargetDependency section */

/* Begin PBXVariantGroup section */
		550A54A41A92993400726B94 /* Main.storyboard */ = {
			isa = PBXVariantGroup;
			children = (
				550A54A51A92993400726B94 /* Base */,
			);
			name = Main.storyboard;
			sourceTree = "<group>";
		};
		550A54A91A92993400726B94 /* LaunchScreen.xib */ = {
			isa = PBXVariantGroup;
			children = (
				550A54AA1A92993400726B94 /* Base */,
			);
			name = LaunchScreen.xib;
			sourceTree = "<group>";
		};
/* End PBXVariantGroup section */

/* Begin XCBuildConfiguration section */
		550A54B81A92993400726B94 /* Debug */ = {
			isa = XCBuildConfiguration;
			buildSettings = {
				ALWAYS_SEARCH_USER_PATHS = NO;
				CLANG_CXX_LANGUAGE_STANDARD = "gnu++0x";
				CLANG_CXX_LIBRARY = "libc++";
				CLANG_ENABLE_MODULES = YES;
				CLANG_ENABLE_OBJC_ARC = YES;
				CLANG_WARN_BOOL_CONVERSION = YES;
				CLANG_WARN_CONSTANT_CONVERSION = YES;
				CLANG_WARN_DIRECT_OBJC_ISA_USAGE = YES_ERROR;
				CLANG_WARN_EMPTY_BODY = YES;
				CLANG_WARN_ENUM_CONVERSION = YES;
				CLANG_WARN_INT_CONVERSION = YES;
				CLANG_WARN_OBJC_ROOT_CLASS = YES_ERROR;
				CLANG_WARN_UNREACHABLE_CODE = YES;
				CLANG_WARN__DUPLICATE_METHOD_MATCH = YES;
				"CODE_SIGN_IDENTITY[sdk=iphoneos*]" = "iPhone Developer";
				COPY_PHASE_STRIP = NO;
				ENABLE_STRICT_OBJC_MSGSEND = YES;
				GCC_C_LANGUAGE_STANDARD = gnu99;
				GCC_DYNAMIC_NO_PIC = NO;
				GCC_OPTIMIZATION_LEVEL = 0;
				GCC_PREPROCESSOR_DEFINITIONS = (
					"DEBUG=1",
					"$(inherited)",
				);
				GCC_SYMBOLS_PRIVATE_EXTERN = NO;
				GCC_WARN_64_TO_32_BIT_CONVERSION = YES;
				GCC_WARN_ABOUT_RETURN_TYPE = YES_ERROR;
				GCC_WARN_UNDECLARED_SELECTOR = YES;
				GCC_WARN_UNINITIALIZED_AUTOS = YES_AGGRESSIVE;
				GCC_WARN_UNUSED_FUNCTION = YES;
				GCC_WARN_UNUSED_VARIABLE = YES;
				IPHONEOS_DEPLOYMENT_TARGET = 8.1;
				MTL_ENABLE_DEBUG_INFO = YES;
				ONLY_ACTIVE_ARCH = YES;
				SDKROOT = iphoneos;
				TARGETED_DEVICE_FAMILY = "1,2";
			};
			name = Debug;
		};
		550A54B91A92993400726B94 /* Release */ = {
			isa = XCBuildConfiguration;
			buildSettings = {
				ALWAYS_SEARCH_USER_PATHS = NO;
				CLANG_CXX_LANGUAGE_STANDARD = "gnu++0x";
				CLANG_CXX_LIBRARY = "libc++";
				CLANG_ENABLE_MODULES = YES;
				CLANG_ENABLE_OBJC_ARC = YES;
				CLANG_WARN_BOOL_CONVERSION = YES;
				CLANG_WARN_CONSTANT_CONVERSION = YES;
				CLANG_WARN_DIRECT_OBJC_ISA_USAGE = YES_ERROR;
				CLANG_WARN_EMPTY_BODY = YES;
				CLANG_WARN_ENUM_CONVERSION = YES;
				CLANG_WARN_INT_CONVERSION = YES;
				CLANG_WARN_OBJC_ROOT_CLASS = YES_ERROR;
				CLANG_WARN_UNREACHABLE_CODE = YES;
				CLANG_WARN__DUPLICATE_METHOD_MATCH = YES;
				"CODE_SIGN_IDENTITY[sdk=iphoneos*]" = "iPhone Developer";
				COPY_PHASE_STRIP = YES;
				ENABLE_NS_ASSERTIONS = NO;
				ENABLE_STRICT_OBJC_MSGSEND = YES;
				GCC_C_LANGUAGE_STANDARD = gnu99;
				GCC_WARN_64_TO_32_BIT_CONVERSION = YES;
				GCC_WARN_ABOUT_RETURN_TYPE = YES_ERROR;
				GCC_WARN_UNDECLARED_SELECTOR = YES;
				GCC_WARN_UNINITIALIZED_AUTOS = YES_AGGRESSIVE;
				GCC_WARN_UNUSED_FUNCTION = YES;
				GCC_WARN_UNUSED_VARIABLE = YES;
				IPHONEOS_DEPLOYMENT_TARGET = 8.1;
				MTL_ENABLE_DEBUG_INFO = NO;
				SDKROOT = iphoneos;
				TARGETED_DEVICE_FAMILY = "1,2";
				VALIDATE_PRODUCT = YES;
			};
			name = Release;
		};
		550A54BB1A92993400726B94 /* Debug */ = {
			isa = XCBuildConfiguration;
			buildSettings = {
				ASSETCATALOG_COMPILER_APPICON_NAME = AppIcon;
				INFOPLIST_FILE = stackOverflowFellows/Info.plist;
				LD_RUNPATH_SEARCH_PATHS = "$(inherited) @executable_path/Frameworks";
				PRODUCT_NAME = "$(TARGET_NAME)";
			};
			name = Debug;
		};
		550A54BC1A92993400726B94 /* Release */ = {
			isa = XCBuildConfiguration;
			buildSettings = {
				ASSETCATALOG_COMPILER_APPICON_NAME = AppIcon;
				INFOPLIST_FILE = stackOverflowFellows/Info.plist;
				LD_RUNPATH_SEARCH_PATHS = "$(inherited) @executable_path/Frameworks";
				PRODUCT_NAME = "$(TARGET_NAME)";
			};
			name = Release;
		};
		550A54BE1A92993400726B94 /* Debug */ = {
			isa = XCBuildConfiguration;
			buildSettings = {
				BUNDLE_LOADER = "$(TEST_HOST)";
				FRAMEWORK_SEARCH_PATHS = (
					"$(SDKROOT)/Developer/Library/Frameworks",
					"$(inherited)",
				);
				GCC_PREPROCESSOR_DEFINITIONS = (
					"DEBUG=1",
					"$(inherited)",
				);
				INFOPLIST_FILE = stackOverflowFellowsTests/Info.plist;
				LD_RUNPATH_SEARCH_PATHS = "$(inherited) @executable_path/Frameworks @loader_path/Frameworks";
				PRODUCT_NAME = "$(TARGET_NAME)";
				TEST_HOST = "$(BUILT_PRODUCTS_DIR)/stackOverflowFellows.app/stackOverflowFellows";
			};
			name = Debug;
		};
		550A54BF1A92993400726B94 /* Release */ = {
			isa = XCBuildConfiguration;
			buildSettings = {
				BUNDLE_LOADER = "$(TEST_HOST)";
				FRAMEWORK_SEARCH_PATHS = (
					"$(SDKROOT)/Developer/Library/Frameworks",
					"$(inherited)",
				);
				INFOPLIST_FILE = stackOverflowFellowsTests/Info.plist;
				LD_RUNPATH_SEARCH_PATHS = "$(inherited) @executable_path/Frameworks @loader_path/Frameworks";
				PRODUCT_NAME = "$(TARGET_NAME)";
				TEST_HOST = "$(BUILT_PRODUCTS_DIR)/stackOverflowFellows.app/stackOverflowFellows";
			};
			name = Release;
		};
/* End XCBuildConfiguration section */

/* Begin XCConfigurationList section */
		550A548F1A92993400726B94 /* Build configuration list for PBXProject "stackOverflowFellows" */ = {
			isa = XCConfigurationList;
			buildConfigurations = (
				550A54B81A92993400726B94 /* Debug */,
				550A54B91A92993400726B94 /* Release */,
			);
			defaultConfigurationIsVisible = 0;
			defaultConfigurationName = Release;
		};
		550A54BA1A92993400726B94 /* Build configuration list for PBXNativeTarget "stackOverflowFellows" */ = {
			isa = XCConfigurationList;
			buildConfigurations = (
				550A54BB1A92993400726B94 /* Debug */,
				550A54BC1A92993400726B94 /* Release */,
			);
			defaultConfigurationIsVisible = 0;
			defaultConfigurationName = Release;
		};
		550A54BD1A92993400726B94 /* Build configuration list for PBXNativeTarget "stackOverflowFellowsTests" */ = {
			isa = XCConfigurationList;
			buildConfigurations = (
				550A54BE1A92993400726B94 /* Debug */,
				550A54BF1A92993400726B94 /* Release */,
			);
			defaultConfigurationIsVisible = 0;
			defaultConfigurationName = Release;
		};
/* End XCConfigurationList section */

/* Begin XCVersionGroup section */
		550A549E1A92993400726B94 /* stackOverflowFellows.xcdatamodeld */ = {
			isa = XCVersionGroup;
			children = (
				550A549F1A92993400726B94 /* stackOverflowFellows.xcdatamodel */,
			);
			currentVersion = 550A549F1A92993400726B94 /* stackOverflowFellows.xcdatamodel */;
			path = stackOverflowFellows.xcdatamodeld;
			sourceTree = "<group>";
			versionGroupType = wrapper.xcdatamodel;
		};
/* End XCVersionGroup section */
	};
	rootObject = 550A548C1A92993400726B94 /* Project object */;
}
